Microsoft Visual Studio Solution File, Format Version 11.00
# Visual Studio 2010
Project("{F184B08F-C81C-45F6-A57F-5ABD9991F28F}") = "TreeViewContextMenu_vb", "TreeViewContextMenu_vb\TreeViewContextMenu_vb.vbproj", "{D8B46C16-FF63-408E-ACF6-846455574830}"
EndProject
Global
	GlobalSection(SolutionConfigurationPlatforms) = preSolution
		Debug|Any CPU = Debug|Any CPU
		Release|Any CPU = Release|Any CPU
	EndGlobalSection
	GlobalSection(ProjectConfigurationPlatforms) = postSolution
		{D8B46C16-FF63-408E-ACF6-846455574830}.Debug|Any CPU.ActiveCfg = Debug|Any CPU
		{D8B46C16-FF63-408E-ACF6-846455574830}.Debug|Any CPU.Build.0 = Debug|Any CPU
		{D8B46C16-FF63-408E-ACF6-846455574830}.Release|Any CPU.ActiveCfg = Release|Any CPU
		{D8B46C16-FF63-408E-ACF6-846455574830}.Release|Any CPU.Build.0 = Release|Any CPU
	EndGlobalSection
	GlobalSection(SolutionProperties) = preSolution
		HideSolutionNode = FALSE
	EndGlobalSection
EndGlobal
